{
  "name": "eip7702-unsafe-delegations",
  "lockfileVersion": 3,
  "requires": true,
  "packages": {
    "": {
      "name": "eip7702-unsafe-delegations",
      "dependencies": {
        "@envio-dev/hypersync-client": "^0.7.0"
      }
    },
    "node_modules/@envio-dev/hypersync-client": {
      "version": "0.7.2",
      "resolved": "https://registry.npmjs.org/@envio-dev/hypersync-client/-/hypersync-client-0.7.2.tgz",
      "integrity": "sha512-alx/hGpVqPQKWHLpepC3po6AxJ3GqV2HxdCIHE9v/SS9LQHxk9zbkqMqrTw4tOuY+XKl7AP7CecT46bC80c25Q==",
      "license": "MIT",
      "engines": {
        "node": ">= 10"
      },
      "optionalDependencies": {
        "@envio-dev/hypersync-client-darwin-arm64": "0.7.2",
        "@envio-dev/hypersync-client-darwin-x64": "0.7.2",
        "@envio-dev/hypersync-client-linux-arm64-gnu": "0.7.2",
        "@envio-dev/hypersync-client-linux-x64-gnu": "0.7.2",
        "@envio-dev/hypersync-client-linux-x64-musl": "0.7.2",
        "@envio-dev/hypersync-client-win32-arm64-msvc": "0.7.2",
        "@envio-dev/hypersync-client-win32-x64-msvc": "0.7.2"
      }
    },
    "node_modules/@envio-dev/hypersync-client-darwin-arm64": {
      "version": "0.7.2",
      "resolved": "https://registry.npmjs.org/@envio-dev/hypersync-client-darwin-arm64/-/hypersync-client-darwin-arm64-0.7.2.tgz",
      "integrity": "sha512-IRIjXWYiDLMUXymi5xDTqunzuaqwacsc9WHT4+OWuuvbWrRlIvXEMMi8HsBtEPNn7471pvpC2EeqW9qcPK2ekQ==",
      "cpu": [
        "arm64"
      ],
      "license": "MIT",
      "optional": true,
      "os": [
        "darwin"
      ],
      "engines": {
        "node": ">= 10"
      }
    },
    "node_modules/@envio-dev/hypersync-client-darwin-x64": {
      "version": "0.7.2",
      "resolved": "https://registry.npmjs.org/@envio-dev/hypersync-client-darwin-x64/-/hypersync-client-darwin-x64-0.7.2.tgz",
      "integrity": "sha512-OkthiAAvxdYnBDg3uGPaC7w035+4RsLVgzoNDefqfG0jkc1pYbFbmiW8JwZBExqVJArO0xi9kr+DvQbuE918ww==",
      "cpu": [
        "x64"
      ],
      "license": "MIT",
      "optional": true,
      "os": [
        "darwin"
      ],
      "engines": {
        "node": ">= 10"
      }
    },
    "node_modules/@envio-dev/hypersync-client-linux-arm64-gnu": {
      "version": "0.7.2",
      "resolved": "https://registry.npmjs.org/@envio-dev/hypersync-client-linux-arm64-gnu/-/hypersync-client-linux-arm64-gnu-0.7.2.tgz",
      "integrity": "sha512-g6xcaHjWHCAupL2uwwlwso86Mvu3cv5U+sGkFycX61I8ZeED9XKHBm9UQt1nSeI7eTHvgZdlP+aO92NVI9cjyg==",
      "cpu": [
        "arm64"
      ],
      "license": "MIT",
      "optional": true,
      "os": [
        "linux"
      ],
      "engines": {
        "node": ">= 10"
      }
    },
    "node_modules/@envio-dev/hypersync-client-linux-x64-gnu": {
      "version": "0.7.2",
      "resolved": "https://registry.npmjs.org/@envio-dev/hypersync-client-linux-x64-gnu/-/hypersync-client-linux-x64-gnu-0.7.2.tgz",
      "integrity": "sha512-8SHhKQzu5hygw803MlvMZCZ093HKwGZXTunzzQN32ZB1xZu4XCI/7+0t/tMPBy8uOtMOjktESXlOida+3Vuzrg==",
      "cpu": [
        "x64"
      ],
      "license": "MIT",
      "optional": true,
      "os": [
        "linux"
      ],
      "engines": {
        "node": ">= 10"
      }
    },
    "node_modules/@envio-dev/hypersync-client-linux-x64-musl": {
      "version": "0.7.2",
      "resolved": "https://registry.npmjs.org/@envio-dev/hypersync-client-linux-x64-musl/-/hypersync-client-linux-x64-musl-0.7.2.tgz",
      "integrity": "sha512-G/Mc/D8GjPpETEq95smz75irns1ykp+w4lCpA+vS6HCzxP+P59NOj/tij8JDKBFL+q8S0bNBmv38UAIfi1QypA==",
      "cpu": [
        "x64"
      ],
      "license": "MIT",
      "optional": true,
      "os": [
        "linux"
      ],
      "engines": {
        "node": ">= 10"
      }
    },
    "node_modules/@envio-dev/hypersync-client-win32-arm64-msvc": {
      "version": "0.7.2",
      "resolved": "https://registry.npmjs.org/@envio-dev/hypersync-client-win32-arm64-msvc/-/hypersync-client-win32-arm64-msvc-0.7.2.tgz",
      "integrity": "sha512-biKhRZg9vO6DoPRPsODgavPwYScowIeWbZnOfZ8AhG6mGZqNZ9lOseJyAA1RqjOVDWmVUMEWdd6awexyc0eWSQ==",
      "cpu": [
        "arm64"
      ],
      "license": "MIT",
      "optional": true,
      "os": [
        "win32"
      ],
      "engines": {
        "node": ">= 10"
      }
    },
    "node_modules/@envio-dev/hypersync-client-win32-x64-msvc": {
      "version": "0.7.2",
      "resolved": "https://registry.npmjs.org/@envio-dev/hypersync-client-win32-x64-msvc/-/hypersync-client-win32-x64-msvc-0.7.2.tgz",
      "integrity": "sha512-TP/lLS57UaVs0ZGPx3VW+S9EJ8xE24QXAL9fqHHC3Vbqw3osSdkrzfKZIDOXVAf5aGs+4aBo0glBfrY7SlTYQQ==",
      "cpu": [
        "x64"
      ],
      "license": "MIT",
      "optional": true,
      "os": [
        "win32"
      ],
      "engines": {
        "node": ">= 10"
      }
    }
  }
}
